// !$*UTF8*$!
{
	archiveVersion = 1;
	classes = {
	};
	objectVersion = 55;
	objects = {

/* Begin PBXBuildFile section */
		9A76630D280FFBB000FA9419 /* AppDelegate.swift in Sources */ = {isa = PBXBuildFile; fileRef = 9A76630C280FFBB000FA9419 /* AppDelegate.swift */; };
		9A76630F280FFBB000FA9419 /* SceneDelegate.swift in Sources */ = {isa = PBXBuildFile; fileRef = 9A76630E280FFBB000FA9419 /* SceneDelegate.swift */; };
		9A766316280FFBB100FA9419 /* Assets.xcassets in Resources */ = {isa = PBXBuildFile; fileRef = 9A766315280FFBB100FA9419 /* Assets.xcassets */; };
		9A766319280FFBB100FA9419 /* LaunchScreen.storyboard in Resources */ = {isa = PBXBuildFile; fileRef = 9A766317280FFBB100FA9419 /* LaunchScreen.storyboard */; };
		9A76632D280FFE2300FA9419 /* LocationsListPresenter.swift in Sources */ = {isa = PBXBuildFile; fileRef = 9A766328280FFE2300FA9419 /* LocationsListPresenter.swift */; };
		9A76632E280FFE2300FA9419 /* LocationsListRouter.swift in Sources */ = {isa = PBXBuildFile; fileRef = 9A766329280FFE2300FA9419 /* LocationsListRouter.swift */; };
		9A76632F280FFE2300FA9419 /* LocationsListViewController.swift in Sources */ = {isa = PBXBuildFile; fileRef = 9A76632A280FFE2300FA9419 /* LocationsListViewController.swift */; };
		9A766330280FFE2300FA9419 /* LocationsListInteractor.swift in Sources */ = {isa = PBXBuildFile; fileRef = 9A76632B280FFE2300FA9419 /* LocationsListInteractor.swift */; };
		9A766331280FFE2300FA9419 /* LocationsListProtocol.swift in Sources */ = {isa = PBXBuildFile; fileRef = 9A76632C280FFE2300FA9419 /* LocationsListProtocol.swift */; };
		9A766333280FFEE700FA9419 /* Location.swift in Sources */ = {isa = PBXBuildFile; fileRef = 9A766332280FFEE700FA9419 /* Location.swift */; };
		9A7663362810012600FA9419 /* SnapKit.xcframework in Frameworks */ = {isa = PBXBuildFile; fileRef = 9A7663352810012600FA9419 /* SnapKit.xcframework */; };
		9A7663372810012600FA9419 /* SnapKit.xcframework in Embed Frameworks */ = {isa = PBXBuildFile; fileRef = 9A7663352810012600FA9419 /* SnapKit.xcframework */; settings = {ATTRIBUTES = (CodeSignOnCopy, RemoveHeadersOnCopy, ); }; };
		9A76633B28100DEA00FA9419 /* landmarkData.json in Resources */ = {isa = PBXBuildFile; fileRef = 9A76633A28100DEA00FA9419 /* landmarkData.json */; };
		9A76634128100FAB00FA9419 /* LocationService.swift in Sources */ = {isa = PBXBuildFile; fileRef = 9A76634028100FAB00FA9419 /* LocationService.swift */; };
		9A7663442810318A00FA9419 /* LocationTableViewCell.swift in Sources */ = {isa = PBXBuildFile; fileRef = 9A7663432810318A00FA9419 /* LocationTableViewCell.swift */; };
		9A7663462810319500FA9419 /* LocationFavoriteTableViewCell.swift in Sources */ = {isa = PBXBuildFile; fileRef = 9A7663452810319500FA9419 /* LocationFavoriteTableViewCell.swift */; };
		9A76634A2810344800FA9419 /* NSObject+Extension.swift in Sources */ = {isa = PBXBuildFile; fileRef = 9A7663492810344800FA9419 /* NSObject+Extension.swift */; };
		9A766351281042C200FA9419 /* LocationViewPresenter.swift in Sources */ = {isa = PBXBuildFile; fileRef = 9A76634C281042C200FA9419 /* LocationViewPresenter.swift */; };
		9A766352281042C200FA9419 /* LocationViewRouter.swift in Sources */ = {isa = PBXBuildFile; fileRef = 9A76634D281042C200FA9419 /* LocationViewRouter.swift */; };
		9A766353281042C200FA9419 /* LocationViewViewController.swift in Sources */ = {isa = PBXBuildFile; fileRef = 9A76634E281042C200FA9419 /* LocationViewViewController.swift */; };
		9A766354281042C200FA9419 /* LocationViewInteractor.swift in Sources */ = {isa = PBXBuildFile; fileRef = 9A76634F281042C200FA9419 /* LocationViewInteractor.swift */; };
		9A766355281042C200FA9419 /* LocationViewProtocol.swift in Sources */ = {isa = PBXBuildFile; fileRef = 9A766350281042C200FA9419 /* LocationViewProtocol.swift */; };
		9A76635728104D2C00FA9419 /* MKMapView+Extension.swift in Sources */ = {isa = PBXBuildFile; fileRef = 9A76635628104D2C00FA9419 /* MKMapView+Extension.swift */; };
		9A76637928105C9800FA9419 /* LocationView.swift in Sources */ = {isa = PBXBuildFile; fileRef = 9A76637828105C9800FA9419 /* LocationView.swift */; };
/* End PBXBuildFile section */

/* Begin PBXCopyFilesBuildPhase section */
		9A7663382810012600FA9419 /* Embed Frameworks */ = {
			isa = PBXCopyFilesBuildPhase;
			buildActionMask = 2147483647;
			dstPath = "";
			dstSubfolderSpec = 10;
			files = (
				9A7663372810012600FA9419 /* SnapKit.xcframework in Embed Frameworks */,
			);
			name = "Embed Frameworks";
			runOnlyForDeploymentPostprocessing = 0;
		};
/* End PBXCopyFilesBuildPhase section */

/* Begin PBXFileReference section */
		9A766309280FFBB000FA9419 /* WaveAccessTestApp.app */ = {isa = PBXFileReference; explicitFileType = wrapper.application; includeInIndex = 0; path = WaveAccessTestApp.app; sourceTree = BUILT_PRODUCTS_DIR; };
		9A76630C280FFBB000FA9419 /* AppDelegate.swift */ = {isa = PBXFileReference; lastKnownFileType = sourcecode.swift; path = AppDelegate.swift; sourceTree = "<group>"; };
		9A76630E280FFBB000FA9419 /* SceneDelegate.swift */ = {isa = PBXFileReference; lastKnownFileType = sourcecode.swift; path = SceneDelegate.swift; sourceTree = "<group>"; };
		9A766315280FFBB100FA9419 /* Assets.xcassets */ = {isa = PBXFileReference; lastKnownFileType = folder.assetcatalog; path = Assets.xcassets; sourceTree = "<group>"; };
		9A766318280FFBB100FA9419 /* Base */ = {isa = PBXFileReference; lastKnownFileType = file.storyboard; name = Base; path = Base.lproj/LaunchScreen.storyboard; sourceTree = "<group>"; };
		9A76631A280FFBB100FA9419 /* Info.plist */ = {isa = PBXFileReference; lastKnownFileType = text.plist.xml; path = Info.plist; sourceTree = "<group>"; };
		9A766328280FFE2300FA9419 /* LocationsListPresenter.swift */ = {isa = PBXFileReference; lastKnownFileType = sourcecode.swift; path = LocationsListPresenter.swift; sourceTree = "<group>"; };
		9A766329280FFE2300FA9419 /* LocationsListRouter.swift */ = {isa = PBXFileReference; lastKnownFileType = sourcecode.swift; path = LocationsListRouter.swift; sourceTree = "<group>"; };
		9A76632A280FFE2300FA9419 /* LocationsListViewController.swift */ = {isa = PBXFileReference; lastKnownFileType = sourcecode.swift; path = LocationsListViewController.swift; sourceTree = "<group>"; };
		9A76632B280FFE2300FA9419 /* LocationsListInteractor.swift */ = {isa = PBXFileReference; lastKnownFileType = sourcecode.swift; path = LocationsListInteractor.swift; sourceTree = "<group>"; };
		9A76632C280FFE2300FA9419 /* LocationsListProtocol.swift */ = {isa = PBXFileReference; lastKnownFileType = sourcecode.swift; path = LocationsListProtocol.swift; sourceTree = "<group>"; };
		9A766332280FFEE700FA9419 /* Location.swift */ = {isa = PBXFileReference; lastKnownFileType = sourcecode.swift; path = Location.swift; sourceTree = "<group>"; };
		9A7663352810012600FA9419 /* SnapKit.xcframework */ = {isa = PBXFileReference; lastKnownFileType = wrapper.xcframework; name = SnapKit.xcframework; path = Carthage/Build/SnapKit.xcframework; sourceTree = "<group>"; };
		9A76633A28100DEA00FA9419 /* landmarkData.json */ = {isa = PBXFileReference; fileEncoding = 4; lastKnownFileType = text.json; name = landmarkData.json; path = "../../../Downloads/Тестовое/landmarkData.json"; sourceTree = "<group>"; };
		9A76634028100FAB00FA9419 /* LocationService.swift */ = {isa = PBXFileReference; lastKnownFileType = sourcecode.swift; path = LocationService.swift; sourceTree = "<group>"; };
		9A7663432810318A00FA9419 /* LocationTableViewCell.swift */ = {isa = PBXFileReference; lastKnownFileType = sourcecode.swift; path = LocationTableViewCell.swift; sourceTree = "<group>"; };
		9A7663452810319500FA9419 /* LocationFavoriteTableViewCell.swift */ = {isa = PBXFileReference; lastKnownFileType = sourcecode.swift; path = LocationFavoriteTableViewCell.swift; sourceTree = "<group>"; };
		9A7663492810344800FA9419 /* NSObject+Extension.swift */ = {isa = PBXFileReference; lastKnownFileType = sourcecode.swift; path = "NSObject+Extension.swift"; sourceTree = "<group>"; };
		9A76634C281042C200FA9419 /* LocationViewPresenter.swift */ = {isa = PBXFileReference; lastKnownFileType = sourcecode.swift; path = LocationViewPresenter.swift; sourceTree = "<group>"; };
		9A76634D281042C200FA9419 /* LocationViewRouter.swift */ = {isa = PBXFileReference; lastKnownFileType = sourcecode.swift; path = LocationViewRouter.swift; sourceTree = "<group>"; };
		9A76634E281042C200FA9419 /* LocationViewViewController.swift */ = {isa = PBXFileReference; lastKnownFileType = sourcecode.swift; path = LocationViewViewController.swift; sourceTree = "<group>"; };
		9A76634F281042C200FA9419 /* LocationViewInteractor.swift */ = {isa = PBXFileReference; lastKnownFileType = sourcecode.swift; path = LocationViewInteractor.swift; sourceTree = "<group>"; };
		9A766350281042C200FA9419 /* LocationViewProtocol.swift */ = {isa = PBXFileReference; lastKnownFileType = sourcecode.swift; path = LocationViewProtocol.swift; sourceTree = "<group>"; };
		9A76635628104D2C00FA9419 /* MKMapView+Extension.swift */ = {isa = PBXFileReference; lastKnownFileType = sourcecode.swift; path = "MKMapView+Extension.swift"; sourceTree = "<group>"; };
		9A76637828105C9800FA9419 /* LocationView.swift */ = {isa = PBXFileReference; lastKnownFileType = sourcecode.swift; path = LocationView.swift; sourceTree = "<group>"; };
/* End PBXFileReference section */

/* Begin PBXFrameworksBuildPhase section */
		9A766306280FFBB000FA9419 /* Frameworks */ = {
			isa = PBXFrameworksBuildPhase;
			buildActionMask = 2147483647;
			files = (
				9A7663362810012600FA9419 /* SnapKit.xcframework in Frameworks */,
			);
			runOnlyForDeploymentPostprocessing = 0;
		};
/* End PBXFrameworksBuildPhase section */

/* Begin PBXGroup section */
		9A766300280FFBB000FA9419 = {
			isa = PBXGroup;
			children = (
				9A76630B280FFBB000FA9419 /* WaveAccessTestApp */,
				9A76630A280FFBB000FA9419 /* Products */,
				9A7663342810012600FA9419 /* Frameworks */,
			);
			sourceTree = "<group>";
		};
		9A76630A280FFBB000FA9419 /* Products */ = {
			isa = PBXGroup;
			children = (
				9A766309280FFBB000FA9419 /* WaveAccessTestApp.app */,
			);
			name = Products;
			sourceTree = "<group>";
		};
		9A76630B280FFBB000FA9419 /* WaveAccessTestApp */ = {
			isa = PBXGroup;
			children = (
				9A766320280FFBB600FA9419 /* App */,
				9A766348281033BF00FA9419 /* Extensions */,
				9A7663422810317700FA9419 /* UIComponents */,
				9A76633F28100FA200FA9419 /* Service */,
				9A76633C28100EE900FA9419 /* Helpers */,
				9A766323280FFC1500FA9419 /* Models */,
				9A766322280FFC0A00FA9419 /* Modules */,
				9A766321280FFBBE00FA9419 /* Resources */,
			);
			path = WaveAccessTestApp;
			sourceTree = "<group>";
		};
		9A766320280FFBB600FA9419 /* App */ = {
			isa = PBXGroup;
			children = (
				9A76630C280FFBB000FA9419 /* AppDelegate.swift */,
				9A76630E280FFBB000FA9419 /* SceneDelegate.swift */,
				9A76631A280FFBB100FA9419 /* Info.plist */,
			);
			path = App;
			sourceTree = "<group>";
		};
		9A766321280FFBBE00FA9419 /* Resources */ = {
			isa = PBXGroup;
			children = (
				9A76633A28100DEA00FA9419 /* landmarkData.json */,
				9A766317280FFBB100FA9419 /* LaunchScreen.storyboard */,
				9A766315280FFBB100FA9419 /* Assets.xcassets */,
			);
			path = Resources;
			sourceTree = "<group>";
		};
		9A766322280FFC0A00FA9419 /* Modules */ = {
			isa = PBXGroup;
			children = (
				9A76634B281042B700FA9419 /* Location View */,
				9A766327280FFE0900FA9419 /* Locations List */,
			);
			path = Modules;
			sourceTree = "<group>";
		};
		9A766323280FFC1500FA9419 /* Models */ = {
			isa = PBXGroup;
			children = (
				9A766332280FFEE700FA9419 /* Location.swift */,
			);
			path = Models;
			sourceTree = "<group>";
		};
		9A766327280FFE0900FA9419 /* Locations List */ = {
			isa = PBXGroup;
			children = (
				9A766328280FFE2300FA9419 /* LocationsListPresenter.swift */,
				9A766329280FFE2300FA9419 /* LocationsListRouter.swift */,
				9A76632A280FFE2300FA9419 /* LocationsListViewController.swift */,
				9A76632B280FFE2300FA9419 /* LocationsListInteractor.swift */,
				9A76632C280FFE2300FA9419 /* LocationsListProtocol.swift */,
			);
			path = "Locations List";
			sourceTree = "<group>";
		};
		9A7663342810012600FA9419 /* Frameworks */ = {
			isa = PBXGroup;
			children = (
				9A7663352810012600FA9419 /* SnapKit.xcframework */,
			);
			name = Frameworks;
			sourceTree = "<group>";
		};
		9A76633C28100EE900FA9419 /* Helpers */ = {
			isa = PBXGroup;
			children = (
			);
			path = Helpers;
			sourceTree = "<group>";
		};
		9A76633F28100FA200FA9419 /* Service */ = {
			isa = PBXGroup;
			children = (
				9A76634028100FAB00FA9419 /* LocationService.swift */,
			);
			path = Service;
			sourceTree = "<group>";
		};
		9A7663422810317700FA9419 /* UIComponents */ = {
			isa = PBXGroup;
			children = (
				9A7663472810319900FA9419 /* TableViewCells */,
			);
			path = UIComponents;
			sourceTree = "<group>";
		};
		9A7663472810319900FA9419 /* TableViewCells */ = {
			isa = PBXGroup;
			children = (
				9A7663432810318A00FA9419 /* LocationTableViewCell.swift */,
				9A7663452810319500FA9419 /* LocationFavoriteTableViewCell.swift */,
			);
			path = TableViewCells;
			sourceTree = "<group>";
		};
		9A766348281033BF00FA9419 /* Extensions */ = {
			isa = PBXGroup;
			children = (
				9A7663492810344800FA9419 /* NSObject+Extension.swift */,
				9A76635628104D2C00FA9419 /* MKMapView+Extension.swift */,
			);
			path = Extensions;
			sourceTree = "<group>";
		};
		9A76634B281042B700FA9419 /* Location View */ = {
			isa = PBXGroup;
			children = (
				9A76634C281042C200FA9419 /* LocationViewPresenter.swift */,
				9A76634D281042C200FA9419 /* LocationViewRouter.swift */,
				9A76634E281042C200FA9419 /* LocationViewViewController.swift */,
				9A76634F281042C200FA9419 /* LocationViewInteractor.swift */,
				9A766350281042C200FA9419 /* LocationViewProtocol.swift */,
				9A76637828105C9800FA9419 /* LocationView.swift */,
			);
			path = "Location View";
			sourceTree = "<group>";
		};
/* End PBXGroup section */

/* Begin PBXNativeTarget section */
		9A766308280FFBB000FA9419 /* WaveAccessTestApp */ = {
			isa = PBXNativeTarget;
			buildConfigurationList = 9A76631D280FFBB100FA9419 /* Build configuration list for PBXNativeTarget "WaveAccessTestApp" */;
			buildPhases = (
				9A766305280FFBB000FA9419 /* Sources */,
				9A766306280FFBB000FA9419 /* Frameworks */,
				9A766307280FFBB000FA9419 /* Resources */,
				9A7663382810012600FA9419 /* Embed Frameworks */,
			);
			buildRules = (
			);
			dependencies = (
			);
			name = WaveAccessTestApp;
			packageProductDependencies = (
			);
			productName = WaveAccessTestApp;
			productReference = 9A766309280FFBB000FA9419 /* WaveAccessTestApp.app */;
			productType = "com.apple.product-type.application";
		};
/* End PBXNativeTarget section */

/* Begin PBXProject section */
		9A766301280FFBB000FA9419 /* Project object */ = {
			isa = PBXProject;
			attributes = {
				BuildIndependentTargetsInParallel = 1;
				LastSwiftUpdateCheck = 1330;
				LastUpgradeCheck = 1330;
				TargetAttributes = {
					9A766308280FFBB000FA9419 = {
						CreatedOnToolsVersion = 13.3.1;
					};
				};
			};
			buildConfigurationList = 9A766304280FFBB000FA9419 /* Build configuration list for PBXProject "WaveAccessTestApp" */;
			compatibilityVersion = "Xcode 13.0";
			developmentRegion = en;
			hasScannedForEncodings = 0;
			knownRegions = (
				en,
				Base,
			);
			mainGroup = 9A766300280FFBB000FA9419;
			packageReferences = (
			);
			productRefGroup = 9A76630A280FFBB000FA9419 /* Products */;
			projectDirPath = "";
			projectRoot = "";
			targets = (
				9A766308280FFBB000FA9419 /* WaveAccessTestApp */,
			);
		};
/* End PBXProject section */

/* Begin PBXResourcesBuildPhase section */
		9A766307280FFBB000FA9419 /* Resources */ = {
			isa = PBXResourcesBuildPhase;
			buildActionMask = 2147483647;
			files = (
				9A766319280FFBB100FA9419 /* LaunchScreen.storyboard in Resources */,
				9A766316280FFBB100FA9419 /* Assets.xcassets in Resources */,
				9A76633B28100DEA00FA9419 /* landmarkData.json in Resources */,
			);
			runOnlyForDeploymentPostprocessing = 0;
		};
/* End PBXResourcesBuildPhase section */

/* Begin PBXSourcesBuildPhase section */
		9A766305280FFBB000FA9419 /* Sources */ = {
			isa = PBXSourcesBuildPhase;
			buildActionMask = 2147483647;
			files = (
				9A766331280FFE2300FA9419 /* LocationsListProtocol.swift in Sources */,
				9A76630D280FFBB000FA9419 /* AppDelegate.swift in Sources */,
				9A76634128100FAB00FA9419 /* LocationService.swift in Sources */,
				9A766333280FFEE700FA9419 /* Location.swift in Sources */,
				9A766330280FFE2300FA9419 /* LocationsListInteractor.swift in Sources */,
				9A766354281042C200FA9419 /* LocationViewInteractor.swift in Sources */,
				9A766355281042C200FA9419 /* LocationViewProtocol.swift in Sources */,
				9A766351281042C200FA9419 /* LocationViewPresenter.swift in Sources */,
				9A7663462810319500FA9419 /* LocationFavoriteTableViewCell.swift in Sources */,
				9A76634A2810344800FA9419 /* NSObject+Extension.swift in Sources */,
				9A76632E280FFE2300FA9419 /* LocationsListRouter.swift in Sources */,
				9A76630F280FFBB000FA9419 /* SceneDelegate.swift in Sources */,
				9A7663442810318A00FA9419 /* LocationTableViewCell.swift in Sources */,
				9A766353281042C200FA9419 /* LocationViewViewController.swift in Sources */,
				9A76632D280FFE2300FA9419 /* LocationsListPresenter.swift in Sources */,
				9A76632F280FFE2300FA9419 /* LocationsListViewController.swift in Sources */,
				9A76637928105C9800FA9419 /* LocationView.swift in Sources */,
				9A766352281042C200FA9419 /* LocationViewRouter.swift in Sources */,
				9A76635728104D2C00FA9419 /* MKMapView+Extension.swift in Sources */,
			);
			runOnlyForDeploymentPostprocessing = 0;
		};
/* End PBXSourcesBuildPhase section */

/* Begin PBXVariantGroup section */
		9A766317280FFBB100FA9419 /* LaunchScreen.storyboard */ = {
			isa = PBXVariantGroup;
			children = (
				9A766318280FFBB100FA9419 /* Base */,
			);
			name = LaunchScreen.storyboard;
			sourceTree = "<group>";
		};
/* End PBXVariantGroup section */

/* Begin XCBuildConfiguration section */
		9A76631B280FFBB100FA9419 /* Debug */ = {
			isa = XCBuildConfiguration;
			buildSettings = {
				ALWAYS_SEARCH_USER_PATHS = NO;
				CLANG_ANALYZER_NONNULL = YES;
				CLANG_ANALYZER_NUMBER_OBJECT_CONVERSION = YES_AGGRESSIVE;
				CLANG_CXX_LANGUAGE_STANDARD = "gnu++17";
				CLANG_ENABLE_MODULES = YES;
				CLANG_ENABLE_OBJC_ARC = YES;
				CLANG_ENABLE_OBJC_WEAK = YES;
				CLANG_WARN_BLOCK_CAPTURE_AUTORELEASING = YES;
				CLANG_WARN_BOOL_CONVERSION = YES;
				CLANG_WARN_COMMA = YES;
				CLANG_WARN_CONSTANT_CONVERSION = YES;
				CLANG_WARN_DEPRECATED_OBJC_IMPLEMENTATIONS = YES;
				CLANG_WARN_DIRECT_OBJC_ISA_USAGE = YES_ERROR;
				CLANG_WARN_DOCUMENTATION_COMMENTS = YES;
				CLANG_WARN_EMPTY_BODY = YES;
				CLANG_WARN_ENUM_CONVERSION = YES;
				CLANG_WARN_INFINITE_RECURSION = YES;
				CLANG_WARN_INT_CONVERSION = YES;
				CLANG_WARN_NON_LITERAL_NULL_CONVERSION = YES;
				CLANG_WARN_OBJC_IMPLICIT_RETAIN_SELF = YES;
				CLANG_WARN_OBJC_LITERAL_CONVERSION = YES;
				CLANG_WARN_OBJC_ROOT_CLASS = YES_ERROR;
				CLANG_WARN_QUOTED_INCLUDE_IN_FRAMEWORK_HEADER = YES;
				CLANG_WARN_RANGE_LOOP_ANALYSIS = YES;
				CLANG_WARN_STRICT_PROTOTYPES = YES;
				CLANG_WARN_SUSPICIOUS_MOVE = YES;
				CLANG_WARN_UNGUARDED_AVAILABILITY = YES_AGGRESSIVE;
				CLANG_WARN_UNREACHABLE_CODE = YES;
				CLANG_WARN__DUPLICATE_METHOD_MATCH = YES;
				COPY_PHASE_STRIP = NO;
				DEBUG_INFORMATION_FORMAT = dwarf;
				ENABLE_STRICT_OBJC_MSGSEND = YES;
				ENABLE_TESTABILITY = YES;
				GCC_C_LANGUAGE_STANDARD = gnu11;
				GCC_DYNAMIC_NO_PIC = NO;
				GCC_NO_COMMON_BLOCKS = YES;
				GCC_OPTIMIZATION_LEVEL = 0;
				GCC_PREPROCESSOR_DEFINITIONS = (
					"DEBUG=1",
					"$(inherited)",
				);
				GCC_WARN_64_TO_32_BIT_CONVERSION = YES;
				GCC_WARN_ABOUT_RETURN_TYPE = YES_ERROR;
				GCC_WARN_UNDECLARED_SELECTOR = YES;
				GCC_WARN_UNINITIALIZED_AUTOS = YES_AGGRESSIVE;
				GCC_WARN_UNUSED_FUNCTION = YES;
				GCC_WARN_UNUSED_VARIABLE = YES;
				IPHONEOS_DEPLOYMENT_TARGET = 13.0;
				MTL_ENABLE_DEBUG_INFO = INCLUDE_SOURCE;
				MTL_FAST_MATH = YES;
				ONLY_ACTIVE_ARCH = YES;
				SDKROOT = iphoneos;
				SWIFT_ACTIVE_COMPILATION_CONDITIONS = DEBUG;
				SWIFT_OPTIMIZATION_LEVEL = "-Onone";
			};
			name = Debug;
		};
		9A76631C280FFBB100FA9419 /* Release */ = {
			isa = XCBuildConfiguration;
			buildSettings = {
				ALWAYS_SEARCH_USER_PATHS = NO;
				CLANG_ANALYZER_NONNULL = YES;
				CLANG_ANALYZER_NUMBER_OBJECT_CONVERSION = YES_AGGRESSIVE;
				CLANG_CXX_LANGUAGE_STANDARD = "gnu++17";
				CLANG_ENABLE_MODULES = YES;
				CLANG_ENABLE_OBJC_ARC = YES;
				CLANG_ENABLE_OBJC_WEAK = YES;
				CLANG_WARN_BLOCK_CAPTURE_AUTORELEASING = YES;
				CLANG_WARN_BOOL_CONVERSION = YES;
				CLANG_WARN_COMMA = YES;
				CLANG_WARN_CONSTANT_CONVERSION = YES;
				CLANG_WARN_DEPRECATED_OBJC_IMPLEMENTATIONS = YES;
				CLANG_WARN_DIRECT_OBJC_ISA_USAGE = YES_ERROR;
				CLANG_WARN_DOCUMENTATION_COMMENTS = YES;
				CLANG_WARN_EMPTY_BODY = YES;
				CLANG_WARN_ENUM_CONVERSION = YES;
				CLANG_WARN_INFINITE_RECURSION = YES;
				CLANG_WARN_INT_CONVERSION = YES;
				CLANG_WARN_NON_LITERAL_NULL_CONVERSION = YES;
				CLANG_WARN_OBJC_IMPLICIT_RETAIN_SELF = YES;
				CLANG_WARN_OBJC_LITERAL_CONVERSION = YES;
				CLANG_WARN_OBJC_ROOT_CLASS = YES_ERROR;
				CLANG_WARN_QUOTED_INCLUDE_IN_FRAMEWORK_HEADER = YES;
				CLANG_WARN_RANGE_LOOP_ANALYSIS = YES;
				CLANG_WARN_STRICT_PROTOTYPES = YES;
				CLANG_WARN_SUSPICIOUS_MOVE = YES;
				CLANG_WARN_UNGUARDED_AVAILABILITY = YES_AGGRESSIVE;
				CLANG_WARN_UNREACHABLE_CODE = YES;
				CLANG_WARN__DUPLICATE_METHOD_MATCH = YES;
				COPY_PHASE_STRIP = NO;
				DEBUG_INFORMATION_FORMAT = "dwarf-with-dsym";
				ENABLE_NS_ASSERTIONS = NO;
				ENABLE_STRICT_OBJC_MSGSEND = YES;
				GCC_C_LANGUAGE_STANDARD = gnu11;
				GCC_NO_COMMON_BLOCKS = YES;
				GCC_WARN_64_TO_32_BIT_CONVERSION = YES;
				GCC_WARN_ABOUT_RETURN_TYPE = YES_ERROR;
				GCC_WARN_UNDECLARED_SELECTOR = YES;
				GCC_WARN_UNINITIALIZED_AUTOS = YES_AGGRESSIVE;
				GCC_WARN_UNUSED_FUNCTION = YES;
				GCC_WARN_UNUSED_VARIABLE = YES;
				IPHONEOS_DEPLOYMENT_TARGET = 13.0;
				MTL_ENABLE_DEBUG_INFO = NO;
				MTL_FAST_MATH = YES;
				SDKROOT = iphoneos;
				SWIFT_COMPILATION_MODE = wholemodule;
				SWIFT_OPTIMIZATION_LEVEL = "-O";
				VALIDATE_PRODUCT = YES;
			};
			name = Release;
		};
		9A76631E280FFBB100FA9419 /* Debug */ = {
			isa = XCBuildConfiguration;
			buildSettings = {
				ASSETCATALOG_COMPILER_APPICON_NAME = AppIcon;
				ASSETCATALOG_COMPILER_GLOBAL_ACCENT_COLOR_NAME = AccentColor;
				CODE_SIGN_STYLE = Automatic;
				CURRENT_PROJECT_VERSION = 1;
				DEVELOPMENT_TEAM = 623JYZ98ZP;
				GENERATE_INFOPLIST_FILE = YES;
				INFOPLIST_FILE = WaveAccessTestApp/App/Info.plist;
				INFOPLIST_KEY_UIApplicationSupportsIndirectInputEvents = YES;
				INFOPLIST_KEY_UILaunchStoryboardName = LaunchScreen;
				INFOPLIST_KEY_UISupportedInterfaceOrientations_iPad = "UIInterfaceOrientationPortrait UIInterfaceOrientationPortraitUpsideDown UIInterfaceOrientationLandscapeLeft UIInterfaceOrientationLandscapeRight";
				INFOPLIST_KEY_UISupportedInterfaceOrientations_iPhone = "UIInterfaceOrientationPortrait UIInterfaceOrientationLandscapeLeft UIInterfaceOrientationLandscapeRight";
				IPHONEOS_DEPLOYMENT_TARGET = 13.0;
				LD_RUNPATH_SEARCH_PATHS = (
					"$(inherited)",
					"@executable_path/Frameworks",
				);
				MARKETING_VERSION = 1.0;
				PRODUCT_BUNDLE_IDENTIFIER = Avsi.WaveAccessTestApp;
				PRODUCT_NAME = "$(TARGET_NAME)";
				SWIFT_EMIT_LOC_STRINGS = YES;
				SWIFT_VERSION = 5.0;
				TARGETED_DEVICE_FAMILY = "1,2";
			};
			name = Debug;
		};
		9A76631F280FFBB100FA9419 /* Release */ = {
			isa = XCBuildConfiguration;
			buildSettings = {
				ASSETCATALOG_COMPILER_APPICON_NAME = AppIcon;
				ASSETCATALOG_COMPILER_GLOBAL_ACCENT_COLOR_NAME = AccentColor;
				CODE_SIGN_STYLE = Automatic;
				CURRENT_PROJECT_VERSION = 1;
				DEVELOPMENT_TEAM = 623JYZ98ZP;
				GENERATE_INFOPLIST_FILE = YES;
				INFOPLIST_FILE = WaveAccessTestApp/App/Info.plist;
				INFOPLIST_KEY_UIApplicationSupportsIndirectInputEvents = YES;
				INFOPLIST_KEY_UILaunchStoryboardName = LaunchScreen;
				INFOPLIST_KEY_UISupportedInterfaceOrientations_iPad = "UIInterfaceOrientationPortrait UIInterfaceOrientationPortraitUpsideDown UIInterfaceOrientationLandscapeLeft UIInterfaceOrientationLandscapeRight";
				INFOPLIST_KEY_UISupportedInterfaceOrientations_iPhone = "UIInterfaceOrientationPortrait UIInterfaceOrientationLandscapeLeft UIInterfaceOrientationLandscapeRight";
				IPHONEOS_DEPLOYMENT_TARGET = 13.0;
				LD_RUNPATH_SEARCH_PATHS = (
					"$(inherited)",
					"@executable_path/Frameworks",
				);
				MARKETING_VERSION = 1.0;
				PRODUCT_BUNDLE_IDENTIFIER = Avsi.WaveAccessTestApp;
				PRODUCT_NAME = "$(TARGET_NAME)";
				SWIFT_EMIT_LOC_STRINGS = YES;
				SWIFT_VERSION = 5.0;
				TARGETED_DEVICE_FAMILY = "1,2";
			};
			name = Release;
		};
/* End XCBuildConfiguration section */

/* Begin XCConfigurationList section */
		9A766304280FFBB000FA9419 /* Build configuration list for PBXProject "WaveAccessTestApp" */ = {
			isa = XCConfigurationList;
			buildConfigurations = (
				9A76631B280FFBB100FA9419 /* Debug */,
				9A76631C280FFBB100FA9419 /* Release */,
			);
			defaultConfigurationIsVisible = 0;
			defaultConfigurationName = Release;
		};
		9A76631D280FFBB100FA9419 /* Build configuration list for PBXNativeTarget "WaveAccessTestApp" */ = {
			isa = XCConfigurationList;
			buildConfigurations = (
				9A76631E280FFBB100FA9419 /* Debug */,
				9A76631F280FFBB100FA9419 /* Release */,
			);
			defaultConfigurationIsVisible = 0;
			defaultConfigurationName = Release;
		};
/* End XCConfigurationList section */
	};
	rootObject = 9A766301280FFBB000FA9419 /* Project object */;
}
